
Microsoft Visual Studio Solution File, Format Version 12.00
# Visual Studio Version 16
VisualStudioVersion = 25.0.1706.14
MinimumVisualStudioVersion = 10.0.40219.1
Project("{FAE04EC0-301F-11D3-BF4B-00C04F79EFBC}") = "bikecarhub_newdesign", "bikecarhub_newdesign\bikecarhub_newdesign.csproj", "{187434D2-9D17-456D-B96B-8A2F16D578E5}"
EndProject
Global
	GlobalSection(SolutionConfigurationPlatforms) = preSolution
		Debug|Any CPU = Debug|Any CPU
		Release|Any CPU = Release|Any CPU
	EndGlobalSection
	GlobalSection(ProjectConfigurationPlatforms) = postSolution
		{187434D2-9D17-456D-B96B-8A2F16D578E5}.Debug|Any CPU.ActiveCfg = Debug|Any CPU
		{187434D2-9D17-456D-B96B-8A2F16D578E5}.Debug|Any CPU.Build.0 = Debug|Any CPU
		{187434D2-9D17-456D-B96B-8A2F16D578E5}.Release|Any CPU.ActiveCfg = Release|Any CPU
		{187434D2-9D17-456D-B96B-8A2F16D578E5}.Release|Any CPU.Build.0 = Release|Any CPU
	EndGlobalSection
	GlobalSection(SolutionProperties) = preSolution
		HideSolutionNode = FALSE
	EndGlobalSection
	GlobalSection(ExtensibilityGlobals) = postSolution
		SolutionGuid = {FC9CCF09-E215-4963-B38F-C5D9F5C08DCE}
	EndGlobalSection
EndGlobal
